# This file is autogenerated, do not edit; changes may be undone by the next 'dep ensure'.


[[projects]]
  name = "github.com/go-mangos/mangos"
  packages = [".","protocol/pub","protocol/rep","protocol/req","protocol/sub","transport/ipc","transport/tcp"]
  revision = "7e2b8010de3b57f5880ae5b8201067fd943e3202"
  version = "v1.2.0"

[[projects]]
  branch = "master"
  name = "github.com/redsift/go-mangosock"
  packages = [".","nano"]
  revision = "fa9f5b559a934752d4347f9416607ee44fcf50f0"

[[projects]]
  branch = "master"
  name = "github.com/redsift/go-sandbox-rpc"
  packages = [".","sift"]
  revision = "c7a7e8027a750304d12db13b270af95c3a35a97e"

[solve-meta]
  analyzer-name = "dep"
  analyzer-version = 1
  inputs-digest = "fb1d3ddd79d0c42370c87e2e71731911c6c639e49e8780d93b09927f2091af9c"
  solver-name = "gps-cdcl"
  solver-version = 1
