# This file is autogenerated, do not edit; changes may be undone by the next 'dep ensure'.


[[projects]]
  name = "github.com/go-mangos/mangos"
  packages = [".","protocol/rep","protocol/req","transport/ipc"]
  revision = "7e2b8010de3b57f5880ae5b8201067fd943e3202"
  version = "v1.2.0"

[[projects]]
  branch = "master"
  name = "github.com/redsift/go-mangosock"
  packages = ["."]
  revision = "55d2894a3ab391c88b725e7d859e93ab47d4a3ca"

[[projects]]
  branch = "master"
  name = "github.com/redsift/go-sandbox-rpc"
  packages = [".","sift"]
  revision = "4c1e6823044a8a1c7770eb32d053f0f052622a6e"

[[projects]]
  branch = "master"
  name = "github.com/redsift/go-socket"
  packages = ["."]
  revision = "8f5f10610b66716dbf48519677ceab67e435625d"

[solve-meta]
  analyzer-name = "dep"
  analyzer-version = 1
  inputs-digest = "f7a557dcf40e79d3b8a4eabbf6d1547c2d9485c62df47e67f16b37d97ee43821"
  solver-name = "gps-cdcl"
  solver-version = 1
