# This file is autogenerated, do not edit; changes may be undone by the next 'dep ensure'.


[[projects]]
  name = "github.com/go-mangos/mangos"
  packages = [".","protocol/rep","protocol/req","transport/ipc","transport/tcp"]
  revision = "7e2b8010de3b57f5880ae5b8201067fd943e3202"
  version = "v1.2.0"

[[projects]]
  branch = "master"
  name = "github.com/redsift/go-sandbox-rpc"
  packages = [".","sift"]
  revision = "3e168e1eabb75a3e07f2b88d67eaf88d2996ce92"

[solve-meta]
  analyzer-name = "dep"
  analyzer-version = 1
  inputs-digest = "b7042f5e6bce24bb1de7e47c9980fd31c48d52932d5711f74690174c9ca6e093"
  solver-name = "gps-cdcl"
  solver-version = 1
