# This file is autogenerated, do not edit; changes may be undone by the next 'dep ensure'.


[[projects]]
  branch = "master"
  digest = "1:d967f05cd03b4834faea43328e03532f4a6821f051aa2998067af74ea827a212"
  name = "github.com/redsift/go-sandbox-rpc"
  packages = ["."]
  pruneopts = "UT"
  revision = "e56484a1d4279c73e1ed558be5711808233502ee"

[solve-meta]
  analyzer-name = "dep"
  analyzer-version = 1
  input-imports = ["github.com/redsift/go-sandbox-rpc"]
  solver-name = "gps-cdcl"
  solver-version = 1
